# This file is automatically @generated by Poetry 2.2.1 and should not be changed by hand.

[[package]]
name = "aiolimiter"
version = "1.2.1"
description = "asyncio rate limiter, a leaky bucket implementation"
optional = false
python-versions = "<4.0,>=3.8"
groups = ["main"]
files = [
    {file = "aiolimiter-1.2.1-py3-none-any.whl", hash = "sha256:d3f249e9059a20badcb56b61601a83556133655c11d1eb3dd3e04ff069e5f3c7"},
    {file = "aiolimiter-1.2.1.tar.gz", hash = "sha256:e02a37ea1a855d9e832252a105420ad4d15011505512a1a1d814647451b5cca9"},
]

[[package]]
name = "aiorun"
version = "2025.1.1"
description = "Boilerplate for asyncio applications"
optional = false
python-versions = ">=3.7"
groups = ["main"]
files = [
    {file = "aiorun-2025.1.1-py3-none-any.whl", hash = "sha256:46d6fa7ac4bfe93ff8385fa17941e4dbe0452d0353497196be25b000571fe3e1"},
    {file = "aiorun-2025.1.1.tar.gz", hash = "sha256:86d1075a034ce2671ab532db06e9204fe784cdd0c66ca7b8cc47a7527d0d50a3"},
]

[package.extras]
dev = ["pytest", "pytest-cov"]

[[package]]
name = "anyio"
version = "4.10.0"
description = "High-level concurrency and networking framework on top of asyncio or Trio"
optional = false
python-versions = ">=3.9"
groups = ["main"]
files = [
    {file = "anyio-4.10.0-py3-none-any.whl", hash = "sha256:60e474ac86736bbfd6f210f7a61218939c318f43f9972497381f1c5e930ed3d1"},
    {file = "anyio-4.10.0.tar.gz", hash = "sha256:3f3fae35c96039744587aa5b8371e7e8e603c0702999535961dd336026973ba6"},
]

[package.dependencies]
idna = ">=2.8"
sniffio = ">=1.1"
typing_extensions = {version = ">=4.5", markers = "python_version < \"3.13\""}

[package.extras]
trio = ["trio (>=0.26.1)"]

[[package]]
name = "asyncpg"
version = "0.30.0"
description = "An asyncio PostgreSQL driver"
optional = false
python-versions = ">=3.8.0"
groups = ["main"]
files = [
    {file = "asyncpg-0.30.0-cp310-cp310-macosx_10_9_x86_64.whl", hash = "sha256:bfb4dd5ae0699bad2b233672c8fc5ccbd9ad24b89afded02341786887e37927e"},
    {file = "asyncpg-0.30.0-cp310-cp310-macosx_11_0_arm64.whl", hash = "sha256:dc1f62c792752a49f88b7e6f774c26077091b44caceb1983509edc18a2222ec0"},
    {file = "asyncpg-0.30.0-cp310-cp310-manylinux_2_17_aarch64.manylinux2014_aarch64.whl", hash = "sha256:3152fef2e265c9c24eec4ee3d22b4f4d2703d30614b0b6753e9ed4115c8a146f"},
    {file = "asyncpg-0.30.0-cp310-cp310-manylinux_2_17_x86_64.manylinux2014_x86_64.whl", hash = "sha256:c7255812ac85099a0e1ffb81b10dc477b9973345793776b128a23e60148dd1af"},
    {file = "asyncpg-0.30.0-cp310-cp310-musllinux_1_2_aarch64.whl", hash = "sha256:578445f09f45d1ad7abddbff2a3c7f7c291738fdae0abffbeb737d3fc3ab8b75"},
    {file = "asyncpg-0.30.0-cp310-cp310-musllinux_1_2_x86_64.whl", hash = "sha256:c42f6bb65a277ce4d93f3fba46b91a265631c8df7250592dd4f11f8b0152150f"},
    {file = "asyncpg-0.30.0-cp310-cp310-win32.whl", hash = "sha256:aa403147d3e07a267ada2ae34dfc9324e67ccc4cdca35261c8c22792ba2b10cf"},
    {file = "asyncpg-0.30.0-cp310-cp310-win_amd64.whl", hash = "sha256:fb622c94db4e13137c4c7f98834185049cc50ee01d8f657ef898b6407c7b9c50"},
    {file = "asyncpg-0.30.0-cp311-cp311-macosx_10_9_x86_64.whl", hash = "sha256:5e0511ad3dec5f6b4f7a9e063591d407eee66b88c14e2ea636f187da1dcfff6a"},
    {file = "asyncpg-0.30.0-cp311-cp311-macosx_11_0_arm64.whl", hash = "sha256:915aeb9f79316b43c3207363af12d0e6fd10776641a7de8a01212afd95bdf0ed"},
    {file = "asyncpg-0.30.0-cp311-cp311-manylinux_2_17_aarch64.manylinux2014_aarch64.whl", hash = "sha256:1c198a00cce9506fcd0bf219a799f38ac7a237745e1d27f0e1f66d3707c84a5a"},
    {file = "asyncpg-0.30.0-cp311-cp311-manylinux_2_17_x86_64.manylinux2014_x86_64.whl", hash = "sha256:3326e6d7381799e9735ca2ec9fd7be4d5fef5dcbc3cb555d8a463d8460607956"},
    {file = "asyncpg-0.30.0-cp311-cp311-musllinux_1_2_aarch64.whl", hash = "sha256:51da377487e249e35bd0859661f6ee2b81db11ad1f4fc036194bc9cb2ead5056"},
    {file = "asyncpg-0.30.0-cp311-cp311-musllinux_1_2_x86_64.whl", hash = "sha256:bc6d84136f9c4d24d358f3b02be4b6ba358abd09f80737d1ac7c444f36108454"},
    {file = "asyncpg-0.30.0-cp311-cp311-win32.whl", hash = "sha256:574156480df14f64c2d76450a3f3aaaf26105869cad3865041156b38459e935d"},
    {file = "asyncpg-0.30.0-cp311-cp311-win_amd64.whl", hash = "sha256:3356637f0bd830407b5597317b3cb3571387ae52ddc3bca6233682be88bbbc1f"},
    {file = "asyncpg-0.30.0-cp312-cp312-macosx_10_13_x86_64.whl", hash = "sha256:c902a60b52e506d38d7e80e0dd5399f657220f24635fee368117b8b5fce1142e"},
    {file = "asyncpg-0.30.0-cp312-cp312-macosx_11_0_arm64.whl", hash = "sha256:aca1548e43bbb9f0f627a04666fedaca23db0a31a84136ad1f868cb15deb6e3a"},
    {file = "asyncpg-0.30.0-cp312-cp312-manylinux_2_17_aarch64.manylinux2014_aarch64.whl", hash = "sha256:6c2a2ef565400234a633da0eafdce27e843836256d40705d83ab7ec42074efb3"},
    {file = "asyncpg-0.30.0-cp312-cp312-manylinux_2_17_x86_64.manylinux2014_x86_64.whl", hash = "sha256:1292b84ee06ac8a2ad8e51c7475aa309245874b61333d97411aab835c4a2f737"},
    {file = "asyncpg-0.30.0-cp312-cp312-musllinux_1_2_aarch64.whl", hash = "sha256:0f5712350388d0cd0615caec629ad53c81e506b1abaaf8d14c93f54b35e3595a"},
    {file = "asyncpg-0.30.0-cp312-cp312-musllinux_1_2_x86_64.whl", hash = "sha256:db9891e2d76e6f425746c5d2da01921e9a16b5a71a1c905b13f30e12a257c4af"},
    {file = "asyncpg-0.30.0-cp312-cp312-win32.whl", hash = "sha256:68d71a1be3d83d0570049cd1654a9bdfe506e794ecc98ad0873304a9f35e411e"},
    {file = "asyncpg-0.30.0-cp312-cp312-win_amd64.whl", hash = "sha256:9a0292c6af5c500523949155ec17b7fe01a00ace33b68a476d6b5059f9630305"},
    {file = "asyncpg-0.30.0-cp313-cp313-macosx_10_13_x86_64.whl", hash = "sha256:05b185ebb8083c8568ea8a40e896d5f7af4b8554b64d7719c0eaa1eb5a5c3a70"},
    {file = "asyncpg-0.30.0-cp313-cp313-macosx_11_0_arm64.whl", hash = "sha256:c47806b1a8cbb0a0db896f4cd34d89942effe353a5035c62734ab13b9f938da3"},
    {file = "asyncpg-0.30.0-cp313-cp313-manylinux_2_17_aarch64.manylinux2014_aarch64.whl", hash = "sha256:9b6fde867a74e8c76c71e2f64f80c64c0f3163e687f1763cfaf21633ec24ec33"},
    {file = "asyncpg-0.30.0-cp313-cp313-manylinux_2_17_x86_64.manylinux2014_x86_64.whl", hash = "sha256:46973045b567972128a27d40001124fbc821c87a6cade040cfcd4fa8a30bcdc4"},
    {file = "asyncpg-0.30.0-cp313-cp313-musllinux_1_2_aarch64.whl", hash = "sha256:9110df111cabc2ed81aad2f35394a00cadf4f2e0635603db6ebbd0fc896f46a4"},
    {file = "asyncpg-0.30.0-cp313-cp313-musllinux_1_2_x86_64.whl", hash = "sha256:04ff0785ae7eed6cc138e73fc67b8e51d54ee7a3ce9b63666ce55a0bf095f7ba"},
    {file = "asyncpg-0.30.0-cp313-cp313-win32.whl", hash = "sha256:ae374585f51c2b444510cdf3595b97ece4f233fde739aa14b50e0d64e8a7a590"},
    {file = "asyncpg-0.30.0-cp313-cp313-win_amd64.whl", hash = "sha256:f59b430b8e27557c3fb9869222559f7417ced18688375825f8f12302c34e915e"},
    {file = "asyncpg-0.30.0-cp38-cp38-macosx_10_9_x86_64.whl", hash = "sha256:29ff1fc8b5bf724273782ff8b4f57b0f8220a1b2324184846b39d1ab4122031d"},
    {file = "asyncpg-0.30.0-cp38-cp38-macosx_11_0_arm64.whl", hash = "sha256:64e899bce0600871b55368b8483e5e3e7f1860c9482e7f12e0a771e747988168"},
    {file = "asyncpg-0.30.0-cp38-cp38-manylinux_2_17_aarch64.manylinux2014_aarch64.whl", hash = "sha256:5b290f4726a887f75dcd1b3006f484252db37602313f806e9ffc4e5996cfe5cb"},
    {file = "asyncpg-0.30.0-cp38-cp38-manylinux_2_17_x86_64.manylinux2014_x86_64.whl", hash = "sha256:f86b0e2cd3f1249d6fe6fd6cfe0cd4538ba994e2d8249c0491925629b9104d0f"},
    {file = "asyncpg-0.30.0-cp38-cp38-musllinux_1_2_aarch64.whl", hash = "sha256:393af4e3214c8fa4c7b86da6364384c0d1b3298d45803375572f415b6f673f38"},
    {file = "asyncpg-0.30.0-cp38-cp38-musllinux_1_2_x86_64.whl", hash = "sha256:fd4406d09208d5b4a14db9a9dbb311b6d7aeeab57bded7ed2f8ea41aeef39b34"},
    {file = "asyncpg-0.30.0-cp38-cp38-win32.whl", hash = "sha256:0b448f0150e1c3b96cb0438a0d0aa4871f1472e58de14a3ec320dbb2798fb0d4"},
    {file = "asyncpg-0.30.0-cp38-cp38-win_amd64.whl", hash = "sha256:f23b836dd90bea21104f69547923a02b167d999ce053f3d502081acea2fba15b"},
    {file = "asyncpg-0.30.0-cp39-cp39-macosx_10_9_x86_64.whl", hash = "sha256:6f4e83f067b35ab5e6371f8a4c93296e0439857b4569850b178a01385e82e9ad"},
    {file = "asyncpg-0.30.0-cp39-cp39-macosx_11_0_arm64.whl", hash = "sha256:5df69d55add4efcd25ea2a3b02025b669a285b767bfbf06e356d68dbce4234ff"},
    {file = "asyncpg-0.30.0-cp39-cp39-manylinux_2_17_aarch64.manylinux2014_aarch64.whl", hash = "sha256:a3479a0d9a852c7c84e822c073622baca862d1217b10a02dd57ee4a7a081f708"},
    {file = "asyncpg-0.30.0-cp39-cp39-manylinux_2_17_x86_64.manylinux2014_x86_64.whl", hash = "sha256:26683d3b9a62836fad771a18ecf4659a30f348a561279d6227dab96182f46144"},
    {file = "asyncpg-0.30.0-cp39-cp39-musllinux_1_2_aarch64.whl", hash = "sha256:1b982daf2441a0ed314bd10817f1606f1c28b1136abd9e4f11335358c2c631cb"},
    {file = "asyncpg-0.30.0-cp39-cp39-musllinux_1_2_x86_64.whl", hash = "sha256:1c06a3a50d014b303e5f6fc1e5f95eb28d2cee89cf58384b700da621e5d5e547"},
    {file = "asyncpg-0.30.0-cp39-cp39-win32.whl", hash = "sha256:1b11a555a198b08f5c4baa8f8231c74a366d190755aa4f99aacec5970afe929a"},
    {file = "asyncpg-0.30.0-cp39-cp39-win_amd64.whl", hash = "sha256:8b684a3c858a83cd876f05958823b68e8d14ec01bb0c0d14a6704c5bf9711773"},
    {file = "asyncpg-0.30.0.tar.gz", hash = "sha256:c551e9928ab6707602f44811817f82ba3c446e018bfe1d3abecc8ba5f3eac851"},
]

[package.extras]
docs = ["Sphinx (>=8.1.3,<8.2.0)", "sphinx-rtd-theme (>=1.2.2)"]
gssauth = ["gssapi ; platform_system != \"Windows\"", "sspilib ; platform_system == \"Windows\""]
test = ["distro (>=1.9.0,<1.10.0)", "flake8 (>=6.1,<7.0)", "flake8-pyi (>=24.1.0,<24.2.0)", "gssapi ; platform_system == \"Linux\"", "k5test ; platform_system == \"Linux\"", "mypy (>=1.8.0,<1.9.0)", "sspilib ; platform_system == \"Windows\"", "uvloop (>=0.15.3) ; platform_system != \"Windows\" and python_version < \"3.14.0\""]

[[package]]
name = "beauty-print"
version = "0.6.1"
description = "Beautifully print Python data"
optional = false
python-versions = ">=3.6"
groups = ["main"]
files = [
    {file = "beauty_print-0.6.1-py3-none-any.whl", hash = "sha256:d2e18700fb12821a093f2bbfc86c88e32c1442a022a7acd8fbe6ee4ea41a133d"},
]

[[package]]
name = "certifi"
version = "2025.8.3"
description = "Python package for providing Mozilla's CA Bundle."
optional = false
python-versions = ">=3.7"
groups = ["main"]
files = [
    {file = "certifi-2025.8.3-py3-none-any.whl", hash = "sha256:f6c12493cfb1b06ba2ff328595af9350c65d6644968e5d3a2ffd78699af217a5"},
    {file = "certifi-2025.8.3.tar.gz", hash = "sha256:e564105f78ded564e3ae7c923924435e1daa7463faeab5bb932bc53ffae63407"},
]

[[package]]
name = "colorama"
version = "0.4.6"
description = "Cross-platform colored terminal text."
optional = false
python-versions = "!=3.0.*,!=3.1.*,!=3.2.*,!=3.3.*,!=3.4.*,!=3.5.*,!=3.6.*,>=2.7"
groups = ["main"]
markers = "sys_platform == \"win32\""
files = [
    {file = "colorama-0.4.6-py2.py3-none-any.whl", hash = "sha256:4f1d9991f5acc0ca119f9d443620b77f9d6b33703e51011c16baf57afb285fc6"},
    {file = "colorama-0.4.6.tar.gz", hash = "sha256:08695f5cb7ed6e0531a20572697297273c47b8cae5a63ffc6d6ed5c201be6e44"},
]

[[package]]
name = "colorlog"
version = "6.9.0"
description = "Add colours to the output of Python's logging module."
optional = false
python-versions = ">=3.6"
groups = ["main"]
files = [
    {file = "colorlog-6.9.0-py3-none-any.whl", hash = "sha256:5906e71acd67cb07a71e779c47c4bcb45fb8c2993eebe9e5adcd6a6f1b283eff"},
    {file = "colorlog-6.9.0.tar.gz", hash = "sha256:bfba54a1b93b94f54e1f4fe48395725a3d92fd2a4af702f6bd70946bdc0c6ac2"},
]

[package.dependencies]
colorama = {version = "*", markers = "sys_platform == \"win32\""}

[package.extras]
development = ["black", "flake8", "mypy", "pytest", "types-colorama"]

[[package]]
name = "h11"
version = "0.16.0"
description = "A pure-Python, bring-your-own-I/O implementation of HTTP/1.1"
optional = false
python-versions = ">=3.8"
groups = ["main"]
files = [
    {file = "h11-0.16.0-py3-none-any.whl", hash = "sha256:63cf8bbe7522de3bf65932fda1d9c2772064ffb3dae62d55932da54b31cb6c86"},
    {file = "h11-0.16.0.tar.gz", hash = "sha256:4e35b956cf45792e4caa5885e69fba00bdbc6ffafbfa020300e549b208ee5ff1"},
]

[[package]]
name = "httpcore"
version = "1.0.9"
description = "A minimal low-level HTTP client."
optional = false
python-versions = ">=3.8"
groups = ["main"]
files = [
    {file = "httpcore-1.0.9-py3-none-any.whl", hash = "sha256:2d400746a40668fc9dec9810239072b40b4484b640a8c38fd654a024c7a1bf55"},
    {file = "httpcore-1.0.9.tar.gz", hash = "sha256:6e34463af53fd2ab5d807f399a9b45ea31c3dfa2276f15a2c3f00afff6e176e8"},
]

[package.dependencies]
certifi = "*"
h11 = ">=0.16"

[package.extras]
asyncio = ["anyio (>=4.0,<5.0)"]
http2 = ["h2 (>=3,<5)"]
socks = ["socksio (==1.*)"]
trio = ["trio (>=0.22.0,<1.0)"]

[[package]]
name = "httpx"
version = "0.28.1"
description = "The next generation HTTP client."
optional = false
python-versions = ">=3.8"
groups = ["main"]
files = [
    {file = "httpx-0.28.1-py3-none-any.whl", hash = "sha256:d909fcccc110f8c7faf814ca82a9a4d816bc5a6dbfea25d6591d6985b8ba59ad"},
    {file = "httpx-0.28.1.tar.gz", hash = "sha256:75e98c5f16b0f35b567856f597f06ff2270a374470a5c2392242528e3e3e42fc"},
]

[package.dependencies]
anyio = "*"
certifi = "*"
httpcore = "==1.*"
idna = "*"

[package.extras]
brotli = ["brotli ; platform_python_implementation == \"CPython\"", "brotlicffi ; platform_python_implementation != \"CPython\""]
cli = ["click (==8.*)", "pygments (==2.*)", "rich (>=10,<14)"]
http2 = ["h2 (>=3,<5)"]
socks = ["socksio (==1.*)"]
zstd = ["zstandard (>=0.18.0)"]

[[package]]
name = "idna"
version = "3.10"
description = "Internationalized Domain Names in Applications (IDNA)"
optional = false
python-versions = ">=3.6"
groups = ["main"]
files = [
    {file = "idna-3.10-py3-none-any.whl", hash = "sha256:946d195a0d259cbba61165e88e65941f16e9b36ea6ddb97f00452bae8b1287d3"},
    {file = "idna-3.10.tar.gz", hash = "sha256:12f65c9b470abda6dc35cf8e63cc574b1c52b11df2c86030af0ac09b01b13ea9"},
]

[package.extras]
all = ["flake8 (>=7.1.1)", "mypy (>=1.11.2)", "pytest (>=8.3.2)", "ruff (>=0.6.2)"]

[[package]]
name = "psutil"
version = "7.1.2"
description = "Cross-platform lib for process and system monitoring."
optional = false
python-versions = ">=3.6"
groups = ["main"]
files = [
    {file = "psutil-7.1.2-cp313-cp313t-macosx_10_13_x86_64.whl", hash = "sha256:0cc5c6889b9871f231ed5455a9a02149e388fffcb30b607fb7a8896a6d95f22e"},
    {file = "psutil-7.1.2-cp313-cp313t-macosx_11_0_arm64.whl", hash = "sha256:8e9e77a977208d84aa363a4a12e0f72189d58bbf4e46b49aae29a2c6e93ef206"},
    {file = "psutil-7.1.2-cp313-cp313t-manylinux2010_x86_64.manylinux_2_12_x86_64.manylinux_2_28_x86_64.whl", hash = "sha256:7d9623a5e4164d2220ecceb071f4b333b3c78866141e8887c072129185f41278"},
    {file = "psutil-7.1.2-cp313-cp313t-manylinux2014_aarch64.manylinux_2_17_aarch64.manylinux_2_28_aarch64.whl", hash = "sha256:364b1c10fe4ed59c89ec49e5f1a70da353b27986fa8233b4b999df4742a5ee2f"},
    {file = "psutil-7.1.2-cp313-cp313t-win_amd64.whl", hash = "sha256:f101ef84de7e05d41310e3ccbdd65a6dd1d9eed85e8aaf0758405d022308e204"},
    {file = "psutil-7.1.2-cp313-cp313t-win_arm64.whl", hash = "sha256:20c00824048a95de67f00afedc7b08b282aa08638585b0206a9fb51f28f1a165"},
    {file = "psutil-7.1.2-cp314-cp314t-macosx_10_15_x86_64.whl", hash = "sha256:e09cfe92aa8e22b1ec5e2d394820cf86c5dff6367ac3242366485dfa874d43bc"},
    {file = "psutil-7.1.2-cp314-cp314t-macosx_11_0_arm64.whl", hash = "sha256:fa6342cf859c48b19df3e4aa170e4cfb64aadc50b11e06bb569c6c777b089c9e"},
    {file = "psutil-7.1.2-cp314-cp314t-manylinux2010_x86_64.manylinux_2_12_x86_64.manylinux_2_28_x86_64.whl", hash = "sha256:625977443498ee7d6c1e63e93bacca893fd759a66c5f635d05e05811d23fb5ee"},
    {file = "psutil-7.1.2-cp314-cp314t-manylinux2014_aarch64.manylinux_2_17_aarch64.manylinux_2_28_aarch64.whl", hash = "sha256:4a24bcd7b7f2918d934af0fb91859f621b873d6aa81267575e3655cd387572a7"},
    {file = "psutil-7.1.2-cp314-cp314t-win_amd64.whl", hash = "sha256:329f05610da6380982e6078b9d0881d9ab1e9a7eb7c02d833bfb7340aa634e31"},
    {file = "psutil-7.1.2-cp314-cp314t-win_arm64.whl", hash = "sha256:7b04c29e3c0c888e83ed4762b70f31e65c42673ea956cefa8ced0e31e185f582"},
    {file = "psutil-7.1.2-cp36-abi3-macosx_10_9_x86_64.whl", hash = "sha256:c9ba5c19f2d46203ee8c152c7b01df6eec87d883cfd8ee1af2ef2727f6b0f814"},
    {file = "psutil-7.1.2-cp36-abi3-macosx_11_0_arm64.whl", hash = "sha256:2a486030d2fe81bec023f703d3d155f4823a10a47c36784c84f1cc7f8d39bedb"},
    {file = "psutil-7.1.2-cp36-abi3-manylinux2010_x86_64.manylinux_2_12_x86_64.manylinux_2_28_x86_64.whl", hash = "sha256:3efd8fc791492e7808a51cb2b94889db7578bfaea22df931424f874468e389e3"},
    {file = "psutil-7.1.2-cp36-abi3-manylinux2014_aarch64.manylinux_2_17_aarch64.manylinux_2_28_aarch64.whl", hash = "sha256:e2aeb9b64f481b8eabfc633bd39e0016d4d8bbcd590d984af764d80bf0851b8a"},
    {file = "psutil-7.1.2-cp37-abi3-win_amd64.whl", hash = "sha256:8e17852114c4e7996fe9da4745c2bdef001ebbf2f260dec406290e66628bdb91"},
    {file = "psutil-7.1.2-cp37-abi3-win_arm64.whl", hash = "sha256:3e988455e61c240cc879cb62a008c2699231bf3e3d061d7fce4234463fd2abb4"},
    {file = "psutil-7.1.2.tar.gz", hash = "sha256:aa225cdde1335ff9684708ee8c72650f6598d5ed2114b9a7c5802030b1785018"},
]

[package.extras]
dev = ["abi3audit", "black", "check-manifest", "coverage", "packaging", "pylint", "pyperf", "pypinfo", "pyreadline ; os_name == \"nt\"", "pytest", "pytest-cov", "pytest-instafail", "pytest-subtests", "pytest-xdist", "pywin32 ; os_name == \"nt\" and platform_python_implementation != \"PyPy\"", "requests", "rstcheck", "ruff", "setuptools", "sphinx", "sphinx_rtd_theme", "toml-sort", "twine", "validate-pyproject[all]", "virtualenv", "vulture", "wheel", "wheel ; os_name == \"nt\" and platform_python_implementation != \"PyPy\"", "wmi ; os_name == \"nt\" and platform_python_implementation != \"PyPy\""]
test = ["pytest", "pytest-instafail", "pytest-subtests", "pytest-xdist", "pywin32 ; os_name == \"nt\" and platform_python_implementation != \"PyPy\"", "setuptools", "wheel ; os_name == \"nt\" and platform_python_implementation != \"PyPy\"", "wmi ; os_name == \"nt\" and platform_python_implementation != \"PyPy\""]

[[package]]
name = "python-dotenv"
version = "1.2.1"
description = "Read key-value pairs from a .env file and set them as environment variables"
optional = false
python-versions = ">=3.9"
groups = ["main"]
files = [
    {file = "python_dotenv-1.2.1-py3-none-any.whl", hash = "sha256:b81ee9561e9ca4004139c6cbba3a238c32b03e4894671e181b671e8cb8425d61"},
    {file = "python_dotenv-1.2.1.tar.gz", hash = "sha256:42667e897e16ab0d66954af0e60a9caa94f0fd4ecf3aaf6d2d260eec1aa36ad6"},
]

[package.extras]
cli = ["click (>=5.0)"]

[[package]]
name = "python-telegram-bot"
version = "22.4"
description = "We have made you a wrapper you can't refuse"
optional = false
python-versions = ">=3.9"
groups = ["main"]
files = [
    {file = "python_telegram_bot-22.4-py3-none-any.whl", hash = "sha256:5f73d6501fbe9118424dd04213311efec1b442e81a4900f8816102601c83685c"},
    {file = "python_telegram_bot-22.4.tar.gz", hash = "sha256:ca332925a5ef3815dfba9dac12382232b840c2f57e2c1e660b1a31b5cb7341fe"},
]

[package.dependencies]
aiolimiter = {version = ">=1.1,<1.3", optional = true, markers = "extra == \"rate-limiter\""}
httpx = ">=0.27,<0.29"

[package.extras]
all = ["aiolimiter (>=1.1,<1.3)", "apscheduler (>=3.10.4,<3.12.0)", "cachetools (>=5.3.3,<6.3.0)", "cffi (>=1.17.0rc1) ; python_version > \"3.12\"", "cryptography (>=39.0.1)", "httpx[http2]", "httpx[socks]", "tornado (>=6.5,<7.0)"]
callback-data = ["cachetools (>=5.3.3,<6.3.0)"]
ext = ["aiolimiter (>=1.1,<1.3)", "apscheduler (>=3.10.4,<3.12.0)", "cachetools (>=5.3.3,<6.3.0)", "tornado (>=6.5,<7.0)"]
http2 = ["httpx[http2]"]
job-queue = ["apscheduler (>=3.10.4,<3.12.0)"]
passport = ["cffi (>=1.17.0rc1) ; python_version > \"3.12\"", "cryptography (>=39.0.1)"]
rate-limiter = ["aiolimiter (>=1.1,<1.3)"]
socks = ["httpx[socks]"]
webhooks = ["tornado (>=6.5,<7.0)"]

[[package]]
name = "sniffio"
version = "1.3.1"
description = "Sniff out which async library your code is running under"
optional = false
python-versions = ">=3.7"
groups = ["main"]
files = [
    {file = "sniffio-1.3.1-py3-none-any.whl", hash = "sha256:2f6da418d1f1e0fddd844478f41680e794e6051915791a034ff65e5f100525a2"},
    {file = "sniffio-1.3.1.tar.gz", hash = "sha256:f4324edc670a0f49750a81b895f35c3adb843cca46f0530f79fc1babb23789dc"},
]

[[package]]
name = "typing-extensions"
version = "4.15.0"
description = "Backported and Experimental Type Hints for Python 3.9+"
optional = false
python-versions = ">=3.9"
groups = ["main"]
markers = "python_version == \"3.12\""
files = [
    {file = "typing_extensions-4.15.0-py3-none-any.whl", hash = "sha256:f0fa19c6845758ab08074a0cfa8b7aecb71c999ca73d62883bc25cc018c4e548"},
    {file = "typing_extensions-4.15.0.tar.gz", hash = "sha256:0cea48d173cc12fa28ecabc3b837ea3cf6f38c6d1136f85cbaaf598984861466"},
]

[[package]]
name = "uvloop"
version = "0.21.0"
description = "Fast implementation of asyncio event loop on top of libuv"
optional = false
python-versions = ">=3.8.0"
groups = ["main"]
files = [
    {file = "uvloop-0.21.0-cp310-cp310-macosx_10_9_universal2.whl", hash = "sha256:ec7e6b09a6fdded42403182ab6b832b71f4edaf7f37a9a0e371a01db5f0cb45f"},
    {file = "uvloop-0.21.0-cp310-cp310-macosx_10_9_x86_64.whl", hash = "sha256:196274f2adb9689a289ad7d65700d37df0c0930fd8e4e743fa4834e850d7719d"},
    {file = "uvloop-0.21.0-cp310-cp310-manylinux_2_17_aarch64.manylinux2014_aarch64.whl", hash = "sha256:f38b2e090258d051d68a5b14d1da7203a3c3677321cf32a95a6f4db4dd8b6f26"},
    {file = "uvloop-0.21.0-cp310-cp310-manylinux_2_17_x86_64.manylinux2014_x86_64.whl", hash = "sha256:87c43e0f13022b998eb9b973b5e97200c8b90823454d4bc06ab33829e09fb9bb"},
    {file = "uvloop-0.21.0-cp310-cp310-musllinux_1_2_aarch64.whl", hash = "sha256:10d66943def5fcb6e7b37310eb6b5639fd2ccbc38df1177262b0640c3ca68c1f"},
    {file = "uvloop-0.21.0-cp310-cp310-musllinux_1_2_x86_64.whl", hash = "sha256:67dd654b8ca23aed0a8e99010b4c34aca62f4b7fce88f39d452ed7622c94845c"},
    {file = "uvloop-0.21.0-cp311-cp311-macosx_10_9_universal2.whl", hash = "sha256:c0f3fa6200b3108919f8bdabb9a7f87f20e7097ea3c543754cabc7d717d95cf8"},
    {file = "uvloop-0.21.0-cp311-cp311-macosx_10_9_x86_64.whl", hash = "sha256:0878c2640cf341b269b7e128b1a5fed890adc4455513ca710d77d5e93aa6d6a0"},
    {file = "uvloop-0.21.0-cp311-cp311-manylinux_2_17_aarch64.manylinux2014_aarch64.whl", hash = "sha256:b9fb766bb57b7388745d8bcc53a359b116b8a04c83a2288069809d2b3466c37e"},
    {file = "uvloop-0.21.0-cp311-cp311-manylinux_2_17_x86_64.manylinux2014_x86_64.whl", hash = "sha256:8a375441696e2eda1c43c44ccb66e04d61ceeffcd76e4929e527b7fa401b90fb"},
    {file = "uvloop-0.21.0-cp311-cp311-musllinux_1_2_aarch64.whl", hash = "sha256:baa0e6291d91649c6ba4ed4b2f982f9fa165b5bbd50a9e203c416a2797bab3c6"},
    {file = "uvloop-0.21.0-cp311-cp311-musllinux_1_2_x86_64.whl", hash = "sha256:4509360fcc4c3bd2c70d87573ad472de40c13387f5fda8cb58350a1d7475e58d"},
    {file = "uvloop-0.21.0-cp312-cp312-macosx_10_13_universal2.whl", hash = "sha256:359ec2c888397b9e592a889c4d72ba3d6befba8b2bb01743f72fffbde663b59c"},
    {file = "uvloop-0.21.0-cp312-cp312-macosx_10_13_x86_64.whl", hash = "sha256:f7089d2dc73179ce5ac255bdf37c236a9f914b264825fdaacaded6990a7fb4c2"},
    {file = "uvloop-0.21.0-cp312-cp312-manylinux_2_17_aarch64.manylinux2014_aarch64.whl", hash = "sha256:baa4dcdbd9ae0a372f2167a207cd98c9f9a1ea1188a8a526431eef2f8116cc8d"},
    {file = "uvloop-0.21.0-cp312-cp312-manylinux_2_17_x86_64.manylinux2014_x86_64.whl", hash = "sha256:86975dca1c773a2c9864f4c52c5a55631038e387b47eaf56210f873887b6c8dc"},
    {file = "uvloop-0.21.0-cp312-cp312-musllinux_1_2_aarch64.whl", hash = "sha256:461d9ae6660fbbafedd07559c6a2e57cd553b34b0065b6550685f6653a98c1cb"},
    {file = "uvloop-0.21.0-cp312-cp312-musllinux_1_2_x86_64.whl", hash = "sha256:183aef7c8730e54c9a3ee3227464daed66e37ba13040bb3f350bc2ddc040f22f"},
    {file = "uvloop-0.21.0-cp313-cp313-macosx_10_13_universal2.whl", hash = "sha256:bfd55dfcc2a512316e65f16e503e9e450cab148ef11df4e4e679b5e8253a5281"},
    {file = "uvloop-0.21.0-cp313-cp313-macosx_10_13_x86_64.whl", hash = "sha256:787ae31ad8a2856fc4e7c095341cccc7209bd657d0e71ad0dc2ea83c4a6fa8af"},
    {file = "uvloop-0.21.0-cp313-cp313-manylinux_2_17_aarch64.manylinux2014_aarch64.whl", hash = "sha256:5ee4d4ef48036ff6e5cfffb09dd192c7a5027153948d85b8da7ff705065bacc6"},
    {file = "uvloop-0.21.0-cp313-cp313-manylinux_2_17_x86_64.manylinux2014_x86_64.whl", hash = "sha256:f3df876acd7ec037a3d005b3ab85a7e4110422e4d9c1571d4fc89b0fc41b6816"},
    {file = "uvloop-0.21.0-cp313-cp313-musllinux_1_2_aarch64.whl", hash = "sha256:bd53ecc9a0f3d87ab847503c2e1552b690362e005ab54e8a48ba97da3924c0dc"},
    {file = "uvloop-0.21.0-cp313-cp313-musllinux_1_2_x86_64.whl", hash = "sha256:a5c39f217ab3c663dc699c04cbd50c13813e31d917642d459fdcec07555cc553"},
    {file = "uvloop-0.21.0-cp38-cp38-macosx_10_9_universal2.whl", hash = "sha256:17df489689befc72c39a08359efac29bbee8eee5209650d4b9f34df73d22e414"},
    {file = "uvloop-0.21.0-cp38-cp38-macosx_10_9_x86_64.whl", hash = "sha256:bc09f0ff191e61c2d592a752423c767b4ebb2986daa9ed62908e2b1b9a9ae206"},
    {file = "uvloop-0.21.0-cp38-cp38-manylinux_2_17_aarch64.manylinux2014_aarch64.whl", hash = "sha256:f0ce1b49560b1d2d8a2977e3ba4afb2414fb46b86a1b64056bc4ab929efdafbe"},
    {file = "uvloop-0.21.0-cp38-cp38-manylinux_2_17_x86_64.manylinux2014_x86_64.whl", hash = "sha256:e678ad6fe52af2c58d2ae3c73dc85524ba8abe637f134bf3564ed07f555c5e79"},
    {file = "uvloop-0.21.0-cp38-cp38-musllinux_1_2_aarch64.whl", hash = "sha256:460def4412e473896ef179a1671b40c039c7012184b627898eea5072ef6f017a"},
    {file = "uvloop-0.21.0-cp38-cp38-musllinux_1_2_x86_64.whl", hash = "sha256:10da8046cc4a8f12c91a1c39d1dd1585c41162a15caaef165c2174db9ef18bdc"},
    {file = "uvloop-0.21.0-cp39-cp39-macosx_10_9_universal2.whl", hash = "sha256:c097078b8031190c934ed0ebfee8cc5f9ba9642e6eb88322b9958b649750f72b"},
    {file = "uvloop-0.21.0-cp39-cp39-macosx_10_9_x86_64.whl", hash = "sha256:46923b0b5ee7fc0020bef24afe7836cb068f5050ca04caf6b487c513dc1a20b2"},
    {file = "uvloop-0.21.0-cp39-cp39-manylinux_2_17_aarch64.manylinux2014_aarch64.whl", hash = "sha256:53e420a3afe22cdcf2a0f4846e377d16e718bc70103d7088a4f7623567ba5fb0"},
    {file = "uvloop-0.21.0-cp39-cp39-manylinux_2_17_x86_64.manylinux2014_x86_64.whl", hash = "sha256:88cb67cdbc0e483da00af0b2c3cdad4b7c61ceb1ee0f33fe00e09c81e3a6cb75"},
    {file = "uvloop-0.21.0-cp39-cp39-musllinux_1_2_aarch64.whl", hash = "sha256:221f4f2a1f46032b403bf3be628011caf75428ee3cc204a22addf96f586b19fd"},
    {file = "uvloop-0.21.0-cp39-cp39-musllinux_1_2_x86_64.whl", hash = "sha256:2d1f581393673ce119355d56da84fe1dd9d2bb8b3d13ce792524e1607139feff"},
    {file = "uvloop-0.21.0.tar.gz", hash = "sha256:3bf12b0fda68447806a7ad847bfa591613177275d35b6724b1ee573faa3704e3"},
]

[package.extras]
dev = ["Cython (>=3.0,<4.0)", "setuptools (>=60)"]
docs = ["Sphinx (>=4.1.2,<4.2.0)", "sphinx-rtd-theme (>=0.5.2,<0.6.0)", "sphinxcontrib-asyncio (>=0.3.0,<0.4.0)"]
test = ["aiohttp (>=3.10.5)", "flake8 (>=5.0,<6.0)", "mypy (>=0.800)", "psutil", "pyOpenSSL (>=23.0.0,<23.1.0)", "pycodestyle (>=2.9.0,<2.10.0)"]

[metadata]
lock-version = "2.1"
python-versions = ">=3.12,<4.0"
content-hash = "0c96851a44d84f45664d994f204ac7da2e9752520663e47c767cca9303e650b5"
